
Microsoft Visual Studio Solution File, Format Version 12.00
# Visual Studio Version 17
VisualStudioVersion = 17.8.34330.188
MinimumVisualStudioVersion = 10.0.40219.1
Project("{9A19103F-16F7-4668-BE54-9A1E7A4F7556}") = "Firstprojectwithdatabase", "Firstprojectwithdatabase.csproj", "{71D75BD2-02B6-4D17-BED8-C298AF9117B3}"
EndProject
Project("{FAE04EC0-301F-11D3-BF4B-00C04F79EFBC}") = "FirstprojectwithMongodb", "..\FirstprojectwithMongodb\FirstprojectwithMongodb.csproj", "{2FD74F03-A401-48E5-B505-06D46516268B}"
EndProject
Global
	GlobalSection(SolutionConfigurationPlatforms) = preSolution
		Debug|Any CPU = Debug|Any CPU
		Release|Any CPU = Release|Any CPU
	EndGlobalSection
	GlobalSection(ProjectConfigurationPlatforms) = postSolution
		{71D75BD2-02B6-4D17-BED8-C298AF9117B3}.Debug|Any CPU.ActiveCfg = Debug|Any CPU
		{71D75BD2-02B6-4D17-BED8-C298AF9117B3}.Debug|Any CPU.Build.0 = Debug|Any CPU
		{71D75BD2-02B6-4D17-BED8-C298AF9117B3}.Release|Any CPU.ActiveCfg = Release|Any CPU
		{71D75BD2-02B6-4D17-BED8-C298AF9117B3}.Release|Any CPU.Build.0 = Release|Any CPU
		{2FD74F03-A401-48E5-B505-06D46516268B}.Debug|Any CPU.ActiveCfg = Debug|Any CPU
		{2FD74F03-A401-48E5-B505-06D46516268B}.Debug|Any CPU.Build.0 = Debug|Any CPU
		{2FD74F03-A401-48E5-B505-06D46516268B}.Release|Any CPU.ActiveCfg = Release|Any CPU
		{2FD74F03-A401-48E5-B505-06D46516268B}.Release|Any CPU.Build.0 = Release|Any CPU
	EndGlobalSection
	GlobalSection(SolutionProperties) = preSolution
		HideSolutionNode = FALSE
	EndGlobalSection
	GlobalSection(ExtensibilityGlobals) = postSolution
		SolutionGuid = {24A09665-D770-48F7-B712-1C7421099C8C}
	EndGlobalSection
EndGlobal
